
Microsoft Visual Studio Solution File, Format Version 12.00
# Visual Studio Version 17
VisualStudioVersion = 17.9.34728.123
MinimumVisualStudioVersion = 10.0.40219.1
Project("{FAE04EC0-301F-11D3-BF4B-00C04F79EFBC}") = "AccountTemplate", "AccountTemplate\AccountTemplate.csproj", "{CDB67FC9-3F10-41B8-86FE-8E69A7FE512D}"
EndProject
Global
	GlobalSection(SolutionConfigurationPlatforms) = preSolution
		Debug|Any CPU = Debug|Any CPU
		Release|Any CPU = Release|Any CPU
	EndGlobalSection
	GlobalSection(ProjectConfigurationPlatforms) = postSolution
		{CDB67FC9-3F10-41B8-86FE-8E69A7FE512D}.Debug|Any CPU.ActiveCfg = Debug|Any CPU
		{CDB67FC9-3F10-41B8-86FE-8E69A7FE512D}.Debug|Any CPU.Build.0 = Debug|Any CPU
		{CDB67FC9-3F10-41B8-86FE-8E69A7FE512D}.Release|Any CPU.ActiveCfg = Release|Any CPU
		{CDB67FC9-3F10-41B8-86FE-8E69A7FE512D}.Release|Any CPU.Build.0 = Release|Any CPU
	EndGlobalSection
	GlobalSection(SolutionProperties) = preSolution
		HideSolutionNode = FALSE
	EndGlobalSection
	GlobalSection(ExtensibilityGlobals) = postSolution
		SolutionGuid = {412C175E-7674-477C-8A91-FCCEEC709DE7}
	EndGlobalSection
EndGlobal
